
Microsoft Visual Studio Solution File, Format Version 12.00
# Visual Studio 15
VisualStudioVersion = 15.0.28307.1000
MinimumVisualStudioVersion = 10.0.40219.1
Project("{FAE04EC0-301F-11D3-BF4B-00C04F79EFBC}") = "PWManager", "PWManager\PWManager.csproj", "{3F8D2947-AF9D-4C3D-A0A3-0BADC24B0726}"
EndProject
Project("{FAE04EC0-301F-11D3-BF4B-00C04F79EFBC}") = "PWManager_DBConnection", "PWManager_DBConnection\PWManager_DBConnection.csproj", "{F90FA28B-D296-4176-879A-C5B2EF04B09A}"
EndProject
Project("{FAE04EC0-301F-11D3-BF4B-00C04F79EFBC}") = "PWManager_Model", "PWManager_Model\PWManager_Model.csproj", "{B1AA3883-2E59-4868-ACA5-631A18FF90E7}"
EndProject
Project("{FAE04EC0-301F-11D3-BF4B-00C04F79EFBC}") = "Logging", "Logging\Logging.csproj", "{996EAC17-A44D-4ED6-B361-6C67028A1C50}"
EndProject
Project("{FAE04EC0-301F-11D3-BF4B-00C04F79EFBC}") = "Security", "Security\Security.csproj", "{0746A721-8289-4B7B-8A27-73286B3BE5F3}"
EndProject
Project("{FAE04EC0-301F-11D3-BF4B-00C04F79EFBC}") = "SecurityAccessLayer", "SecurityAccessLayer\SecurityAccessLayer.csproj", "{68F4C943-0CCE-47C0-9549-1FD97EDB3E58}"
EndProject
Global
	GlobalSection(SolutionConfigurationPlatforms) = preSolution
		Debug|Any CPU = Debug|Any CPU
		Release|Any CPU = Release|Any CPU
	EndGlobalSection
	GlobalSection(ProjectConfigurationPlatforms) = postSolution
		{3F8D2947-AF9D-4C3D-A0A3-0BADC24B0726}.Debug|Any CPU.ActiveCfg = Debug|Any CPU
		{3F8D2947-AF9D-4C3D-A0A3-0BADC24B0726}.Debug|Any CPU.Build.0 = Debug|Any CPU
		{3F8D2947-AF9D-4C3D-A0A3-0BADC24B0726}.Release|Any CPU.ActiveCfg = Release|Any CPU
		{3F8D2947-AF9D-4C3D-A0A3-0BADC24B0726}.Release|Any CPU.Build.0 = Release|Any CPU
		{F90FA28B-D296-4176-879A-C5B2EF04B09A}.Debug|Any CPU.ActiveCfg = Debug|Any CPU
		{F90FA28B-D296-4176-879A-C5B2EF04B09A}.Debug|Any CPU.Build.0 = Debug|Any CPU
		{F90FA28B-D296-4176-879A-C5B2EF04B09A}.Release|Any CPU.ActiveCfg = Release|Any CPU
		{F90FA28B-D296-4176-879A-C5B2EF04B09A}.Release|Any CPU.Build.0 = Release|Any CPU
		{B1AA3883-2E59-4868-ACA5-631A18FF90E7}.Debug|Any CPU.ActiveCfg = Debug|Any CPU
		{B1AA3883-2E59-4868-ACA5-631A18FF90E7}.Debug|Any CPU.Build.0 = Debug|Any CPU
		{B1AA3883-2E59-4868-ACA5-631A18FF90E7}.Release|Any CPU.ActiveCfg = Release|Any CPU
		{B1AA3883-2E59-4868-ACA5-631A18FF90E7}.Release|Any CPU.Build.0 = Release|Any CPU
		{996EAC17-A44D-4ED6-B361-6C67028A1C50}.Debug|Any CPU.ActiveCfg = Debug|Any CPU
		{996EAC17-A44D-4ED6-B361-6C67028A1C50}.Debug|Any CPU.Build.0 = Debug|Any CPU
		{996EAC17-A44D-4ED6-B361-6C67028A1C50}.Release|Any CPU.ActiveCfg = Release|Any CPU
		{996EAC17-A44D-4ED6-B361-6C67028A1C50}.Release|Any CPU.Build.0 = Release|Any CPU
		{0746A721-8289-4B7B-8A27-73286B3BE5F3}.Debug|Any CPU.ActiveCfg = Debug|Any CPU
		{0746A721-8289-4B7B-8A27-73286B3BE5F3}.Debug|Any CPU.Build.0 = Debug|Any CPU
		{0746A721-8289-4B7B-8A27-73286B3BE5F3}.Release|Any CPU.ActiveCfg = Release|Any CPU
		{0746A721-8289-4B7B-8A27-73286B3BE5F3}.Release|Any CPU.Build.0 = Release|Any CPU
		{68F4C943-0CCE-47C0-9549-1FD97EDB3E58}.Debug|Any CPU.ActiveCfg = Debug|Any CPU
		{68F4C943-0CCE-47C0-9549-1FD97EDB3E58}.Debug|Any CPU.Build.0 = Debug|Any CPU
		{68F4C943-0CCE-47C0-9549-1FD97EDB3E58}.Release|Any CPU.ActiveCfg = Release|Any CPU
		{68F4C943-0CCE-47C0-9549-1FD97EDB3E58}.Release|Any CPU.Build.0 = Release|Any CPU
	EndGlobalSection
	GlobalSection(SolutionProperties) = preSolution
		HideSolutionNode = FALSE
	EndGlobalSection
	GlobalSection(ExtensibilityGlobals) = postSolution
		SolutionGuid = {072AFB09-F145-4C02-BBBA-3A25005DFC64}
	EndGlobalSection
EndGlobal
